// !$*UTF8*$!
{
	archiveVersion = 1;
	classes = {
	};
	objectVersion = 77;
	objects = {

/* Begin PBXBuildFile section */
		AA00000000000000000000A3 /* ObfuskoderKit in Frameworks */ = {isa = PBXBuildFile; productRef = AA00000000000000000000A2 /* ObfuskoderKit */; };
		0BF5C0DE0000000000000001 /* ObfuskodeCLI in Frameworks */ = {isa = PBXBuildFile; productRef = 0BF5C0DE0000000000000002 /* ObfuskodeCLI */; };
		0BF5C0DE0000000000000003 /* obfuskode in Embed CLI Tool */ = {isa = PBXBuildFile; fileRef = 0BF5C0DE0000000000000004 /* obfuskode */; settings = {ATTRIBUTES = (CodeSignOnCopy, ); }; };
/* End PBXBuildFile section */

/* Begin PBXFileReference section */
		9287A9032FD3E0F90061BEF9 /* Obfuskoder.app */ = {isa = PBXFileReference; explicitFileType = wrapper.application; includeInIndex = 0; path = Obfuskoder.app; sourceTree = BUILT_PRODUCTS_DIR; };
		0BF5C0DE0000000000000004 /* obfuskode */ = {isa = PBXFileReference; explicitFileType = "compiled.mach-o.executable"; includeInIndex = 0; path = obfuskode; sourceTree = BUILT_PRODUCTS_DIR; };
/* End PBXFileReference section */

/* Begin PBXCopyFilesBuildPhase section */
		0BF5C0DE000000000000000A /* Embed CLI Tool */ = {
			isa = PBXCopyFilesBuildPhase;
			buildActionMask = 2147483647;
			dstPath = Contents/Helpers;
			dstSubfolderSpec = 1;
			files = (
				0BF5C0DE0000000000000003 /* obfuskode in Embed CLI Tool */,
			);
			name = "Embed CLI Tool";
			runOnlyForDeploymentPostprocessing = 0;
		};
/* End PBXCopyFilesBuildPhase section */

/* Begin PBXFileSystemSynchronizedBuildFileExceptionSet section */
		0BF5C0DE0000000000000006 /* Exceptions for "obfuskode" folder in "obfuskode" target */ = {
			isa = PBXFileSystemSynchronizedBuildFileExceptionSet;
			membershipExceptions = (
				Info.plist,
			);
			target = 0BF5C0DE0000000000000007 /* obfuskode */;
		};
/* End PBXFileSystemSynchronizedBuildFileExceptionSet section */

/* Begin PBXFileSystemSynchronizedRootGroup section */
		9287A9052FD3E0F90061BEF9 /* Obfuskoder */ = {
			isa = PBXFileSystemSynchronizedRootGroup;
			path = Obfuskoder;
			sourceTree = "<group>";
		};
		0BF5C0DE0000000000000005 /* obfuskode */ = {
			isa = PBXFileSystemSynchronizedRootGroup;
			exceptions = (
				0BF5C0DE0000000000000006 /* Exceptions for "obfuskode" folder in "obfuskode" target */,
			);
			path = obfuskode;
			sourceTree = "<group>";
		};
/* End PBXFileSystemSynchronizedRootGroup section */

/* Begin PBXFrameworksBuildPhase section */
		9287A9002FD3E0F90061BEF9 /* Frameworks */ = {
			isa = PBXFrameworksBuildPhase;
			buildActionMask = 2147483647;
			files = (
				AA00000000000000000000A3 /* ObfuskoderKit in Frameworks */,
			);
			runOnlyForDeploymentPostprocessing = 0;
		};
		0BF5C0DE0000000000000008 /* Frameworks */ = {
			isa = PBXFrameworksBuildPhase;
			buildActionMask = 2147483647;
			files = (
				0BF5C0DE0000000000000001 /* ObfuskodeCLI in Frameworks */,
			);
			runOnlyForDeploymentPostprocessing = 0;
		};
/* End PBXFrameworksBuildPhase section */

/* Begin PBXGroup section */
		9287A8FA2FD3E0F90061BEF9 = {
			isa = PBXGroup;
			children = (
				9287A9052FD3E0F90061BEF9 /* Obfuskoder */,
				0BF5C0DE0000000000000005 /* obfuskode */,
				9287A9042FD3E0F90061BEF9 /* Products */,
			);
			sourceTree = "<group>";
		};
		9287A9042FD3E0F90061BEF9 /* Products */ = {
			isa = PBXGroup;
			children = (
				9287A9032FD3E0F90061BEF9 /* Obfuskoder.app */,
				0BF5C0DE0000000000000004 /* obfuskode */,
			);
			name = Products;
			sourceTree = "<group>";
		};
/* End PBXGroup section */

/* Begin PBXNativeTarget section */
		9287A9022FD3E0F90061BEF9 /* Obfuskoder */ = {
			isa = PBXNativeTarget;
			buildConfigurationList = 9287A90E2FD3E0FA0061BEF9 /* Build configuration list for PBXNativeTarget "Obfuskoder" */;
			buildPhases = (
				9287A8FF2FD3E0F90061BEF9 /* Sources */,
				9287A9002FD3E0F90061BEF9 /* Frameworks */,
				9287A9012FD3E0F90061BEF9 /* Resources */,
				0BF5C0DE000000000000000A /* Embed CLI Tool */,
			);
			buildRules = (
			);
			dependencies = (
				0BF5C0DE000000000000000D /* PBXTargetDependency */,
			);
			fileSystemSynchronizedGroups = (
				9287A9052FD3E0F90061BEF9 /* Obfuskoder */,
			);
			name = Obfuskoder;
			packageProductDependencies = (
				AA00000000000000000000A2 /* ObfuskoderKit */,
			);
			productName = Obfuskoder;
			productReference = 9287A9032FD3E0F90061BEF9 /* Obfuskoder.app */;
			productType = "com.apple.product-type.application";
		};
		0BF5C0DE0000000000000007 /* obfuskode */ = {
			isa = PBXNativeTarget;
			buildConfigurationList = 0BF5C0DE000000000000000B /* Build configuration list for PBXNativeTarget "obfuskode" */;
			buildPhases = (
				0BF5C0DE0000000000000009 /* Sources */,
				0BF5C0DE0000000000000008 /* Frameworks */,
			);
			buildRules = (
			);
			dependencies = (
			);
			fileSystemSynchronizedGroups = (
				0BF5C0DE0000000000000005 /* obfuskode */,
			);
			name = obfuskode;
			packageProductDependencies = (
				0BF5C0DE0000000000000002 /* ObfuskodeCLI */,
			);
			productName = obfuskode;
			productReference = 0BF5C0DE0000000000000004 /* obfuskode */;
			productType = "com.apple.product-type.tool";
		};
/* End PBXNativeTarget section */

/* Begin PBXProject section */
		9287A8FB2FD3E0F90061BEF9 /* Project object */ = {
			isa = PBXProject;
			attributes = {
				BuildIndependentTargetsInParallel = 1;
				LastSwiftUpdateCheck = 2650;
				LastUpgradeCheck = 2650;
				TargetAttributes = {
					9287A9022FD3E0F90061BEF9 = {
						CreatedOnToolsVersion = 26.5;
					};
				};
			};
			buildConfigurationList = 9287A8FE2FD3E0F90061BEF9 /* Build configuration list for PBXProject "Obfuskoder" */;
			developmentRegion = en;
			hasScannedForEncodings = 0;
			knownRegions = (
				en,
				Base,
			);
			mainGroup = 9287A8FA2FD3E0F90061BEF9;
			minimizedProjectReferenceProxies = 1;
			packageReferences = (
				AA00000000000000000000A1 /* XCLocalSwiftPackageReference "ObfuskoderKit" */,
			);
			preferredProjectObjectVersion = 77;
			productRefGroup = 9287A9042FD3E0F90061BEF9 /* Products */;
			projectDirPath = "";
			projectRoot = "";
			targets = (
				9287A9022FD3E0F90061BEF9 /* Obfuskoder */,
				0BF5C0DE0000000000000007 /* obfuskode */,
			);
		};
/* End PBXProject section */

/* Begin PBXResourcesBuildPhase section */
		9287A9012FD3E0F90061BEF9 /* Resources */ = {
			isa = PBXResourcesBuildPhase;
			buildActionMask = 2147483647;
			files = (
			);
			runOnlyForDeploymentPostprocessing = 0;
		};
/* End PBXResourcesBuildPhase section */

/* Begin PBXSourcesBuildPhase section */
		9287A8FF2FD3E0F90061BEF9 /* Sources */ = {
			isa = PBXSourcesBuildPhase;
			buildActionMask = 2147483647;
			files = (
			);
			runOnlyForDeploymentPostprocessing = 0;
		};
		0BF5C0DE0000000000000009 /* Sources */ = {
			isa = PBXSourcesBuildPhase;
			buildActionMask = 2147483647;
			files = (
			);
			runOnlyForDeploymentPostprocessing = 0;
		};
/* End PBXSourcesBuildPhase section */

/* Begin PBXTargetDependency section */
		0BF5C0DE000000000000000D /* PBXTargetDependency */ = {
			isa = PBXTargetDependency;
			target = 0BF5C0DE0000000000000007 /* obfuskode */;
		};
/* End PBXTargetDependency section */

/* Begin XCBuildConfiguration section */
		9287A90C2FD3E0FA0061BEF9 /* Debug */ = {
			isa = XCBuildConfiguration;
			buildSettings = {
				ALWAYS_SEARCH_USER_PATHS = NO;
				ASSETCATALOG_COMPILER_GENERATE_SWIFT_ASSET_SYMBOL_EXTENSIONS = YES;
				CLANG_ANALYZER_NONNULL = YES;
				CLANG_ANALYZER_NUMBER_OBJECT_CONVERSION = YES_AGGRESSIVE;
				CLANG_CXX_LANGUAGE_STANDARD = "gnu++20";
				CLANG_ENABLE_MODULES = YES;
				CLANG_ENABLE_OBJC_ARC = YES;
				CLANG_ENABLE_OBJC_WEAK = YES;
				CLANG_WARN_BLOCK_CAPTURE_AUTORELEASING = YES;
				CLANG_WARN_BOOL_CONVERSION = YES;
				CLANG_WARN_COMMA = YES;
				CLANG_WARN_CONSTANT_CONVERSION = YES;
				CLANG_WARN_DEPRECATED_OBJC_IMPLEMENTATIONS = YES;
				CLANG_WARN_DIRECT_OBJC_ISA_USAGE = YES_ERROR;
				CLANG_WARN_DOCUMENTATION_COMMENTS = YES;
				CLANG_WARN_EMPTY_BODY = YES;
				CLANG_WARN_ENUM_CONVERSION = YES;
				CLANG_WARN_INFINITE_RECURSION = YES;
				CLANG_WARN_INT_CONVERSION = YES;
				CLANG_WARN_NON_LITERAL_NULL_CONVERSION = YES;
				CLANG_WARN_OBJC_IMPLICIT_RETAIN_SELF = YES;
				CLANG_WARN_OBJC_LITERAL_CONVERSION = YES;
				CLANG_WARN_OBJC_ROOT_CLASS = YES_ERROR;
				CLANG_WARN_QUOTED_INCLUDE_IN_FRAMEWORK_HEADER = YES;
				CLANG_WARN_RANGE_LOOP_ANALYSIS = YES;
				CLANG_WARN_STRICT_PROTOTYPES = YES;
				CLANG_WARN_SUSPICIOUS_MOVE = YES;
				CLANG_WARN_UNGUARDED_AVAILABILITY = YES_AGGRESSIVE;
				CLANG_WARN_UNREACHABLE_CODE = YES;
				CLANG_WARN__DUPLICATE_METHOD_MATCH = YES;
				COPY_PHASE_STRIP = NO;
				CURRENT_PROJECT_VERSION = 1;
				DEBUG_INFORMATION_FORMAT = dwarf;
				DEVELOPMENT_TEAM = 49E99H2Q84;
				ENABLE_STRICT_OBJC_MSGSEND = YES;
				ENABLE_TESTABILITY = YES;
				ENABLE_USER_SCRIPT_SANDBOXING = YES;
				GCC_C_LANGUAGE_STANDARD = gnu17;
				GCC_DYNAMIC_NO_PIC = NO;
				GCC_NO_COMMON_BLOCKS = YES;
				GCC_OPTIMIZATION_LEVEL = 0;
				GCC_PREPROCESSOR_DEFINITIONS = (
					"DEBUG=1",
					"$(inherited)",
				);
				GCC_WARN_64_TO_32_BIT_CONVERSION = YES;
				GCC_WARN_ABOUT_RETURN_TYPE = YES_ERROR;
				GCC_WARN_UNDECLARED_SELECTOR = YES;
				GCC_WARN_UNINITIALIZED_AUTOS = YES_AGGRESSIVE;
				GCC_WARN_UNUSED_FUNCTION = YES;
				GCC_WARN_UNUSED_VARIABLE = YES;
				LOCALIZATION_PREFERS_STRING_CATALOGS = YES;
				MACOSX_DEPLOYMENT_TARGET = 14.0;
				MARKETING_VERSION = 1.0;
				MTL_ENABLE_DEBUG_INFO = INCLUDE_SOURCE;
				MTL_FAST_MATH = YES;
				ONLY_ACTIVE_ARCH = YES;
				SDKROOT = macosx;
				SWIFT_ACTIVE_COMPILATION_CONDITIONS = "DEBUG $(inherited)";
				SWIFT_OPTIMIZATION_LEVEL = "-Onone";
			};
			name = Debug;
		};
		9287A90D2FD3E0FA0061BEF9 /* Release */ = {
			isa = XCBuildConfiguration;
			buildSettings = {
				ALWAYS_SEARCH_USER_PATHS = NO;
				ASSETCATALOG_COMPILER_GENERATE_SWIFT_ASSET_SYMBOL_EXTENSIONS = YES;
				CLANG_ANALYZER_NONNULL = YES;
				CLANG_ANALYZER_NUMBER_OBJECT_CONVERSION = YES_AGGRESSIVE;
				CLANG_CXX_LANGUAGE_STANDARD = "gnu++20";
				CLANG_ENABLE_MODULES = YES;
				CLANG_ENABLE_OBJC_ARC = YES;
				CLANG_ENABLE_OBJC_WEAK = YES;
				CLANG_WARN_BLOCK_CAPTURE_AUTORELEASING = YES;
				CLANG_WARN_BOOL_CONVERSION = YES;
				CLANG_WARN_COMMA = YES;
				CLANG_WARN_CONSTANT_CONVERSION = YES;
				CLANG_WARN_DEPRECATED_OBJC_IMPLEMENTATIONS = YES;
				CLANG_WARN_DIRECT_OBJC_ISA_USAGE = YES_ERROR;
				CLANG_WARN_DOCUMENTATION_COMMENTS = YES;
				CLANG_WARN_EMPTY_BODY = YES;
				CLANG_WARN_ENUM_CONVERSION = YES;
				CLANG_WARN_INFINITE_RECURSION = YES;
				CLANG_WARN_INT_CONVERSION = YES;
				CLANG_WARN_NON_LITERAL_NULL_CONVERSION = YES;
				CLANG_WARN_OBJC_IMPLICIT_RETAIN_SELF = YES;
				CLANG_WARN_OBJC_LITERAL_CONVERSION = YES;
				CLANG_WARN_OBJC_ROOT_CLASS = YES_ERROR;
				CLANG_WARN_QUOTED_INCLUDE_IN_FRAMEWORK_HEADER = YES;
				CLANG_WARN_RANGE_LOOP_ANALYSIS = YES;
				CLANG_WARN_STRICT_PROTOTYPES = YES;
				CLANG_WARN_SUSPICIOUS_MOVE = YES;
				CLANG_WARN_UNGUARDED_AVAILABILITY = YES_AGGRESSIVE;
				CLANG_WARN_UNREACHABLE_CODE = YES;
				CLANG_WARN__DUPLICATE_METHOD_MATCH = YES;
				COPY_PHASE_STRIP = NO;
				CURRENT_PROJECT_VERSION = 1;
				DEBUG_INFORMATION_FORMAT = "dwarf-with-dsym";
				DEVELOPMENT_TEAM = 49E99H2Q84;
				ENABLE_NS_ASSERTIONS = NO;
				ENABLE_STRICT_OBJC_MSGSEND = YES;
				ENABLE_USER_SCRIPT_SANDBOXING = YES;
				GCC_C_LANGUAGE_STANDARD = gnu17;
				GCC_NO_COMMON_BLOCKS = YES;
				GCC_WARN_64_TO_32_BIT_CONVERSION = YES;
				GCC_WARN_ABOUT_RETURN_TYPE = YES_ERROR;
				GCC_WARN_UNDECLARED_SELECTOR = YES;
				GCC_WARN_UNINITIALIZED_AUTOS = YES_AGGRESSIVE;
				GCC_WARN_UNUSED_FUNCTION = YES;
				GCC_WARN_UNUSED_VARIABLE = YES;
				LOCALIZATION_PREFERS_STRING_CATALOGS = YES;
				MACOSX_DEPLOYMENT_TARGET = 14.0;
				MARKETING_VERSION = 1.0;
				MTL_ENABLE_DEBUG_INFO = NO;
				MTL_FAST_MATH = YES;
				SDKROOT = macosx;
				SWIFT_COMPILATION_MODE = wholemodule;
			};
			name = Release;
		};
		0BF5C0DE000000000000000E /* Debug */ = {
			isa = XCBuildConfiguration;
			buildSettings = {
				CODE_SIGN_STYLE = Automatic;
				CREATE_INFOPLIST_SECTION_IN_BINARY = YES;
				DEVELOPMENT_TEAM = 49E99H2Q84;
				ENABLE_HARDENED_RUNTIME = YES;
				GENERATE_INFOPLIST_FILE = NO;
				INFOPLIST_FILE = obfuskode/Info.plist;
				PRODUCT_BUNDLE_IDENTIFIER = com.aldosoft.Obfuskoder.obfuskode;
				PRODUCT_NAME = "$(TARGET_NAME)";
				SWIFT_VERSION = 6.0;
			};
			name = Debug;
		};
		0BF5C0DE000000000000000F /* Release */ = {
			isa = XCBuildConfiguration;
			buildSettings = {
				CODE_SIGN_STYLE = Automatic;
				CREATE_INFOPLIST_SECTION_IN_BINARY = YES;
				DEVELOPMENT_TEAM = 49E99H2Q84;
				ENABLE_HARDENED_RUNTIME = YES;
				GENERATE_INFOPLIST_FILE = NO;
				INFOPLIST_FILE = obfuskode/Info.plist;
				PRODUCT_BUNDLE_IDENTIFIER = com.aldosoft.Obfuskoder.obfuskode;
				PRODUCT_NAME = "$(TARGET_NAME)";
				SWIFT_VERSION = 6.0;
			};
			name = Release;
		};
		9287A90F2FD3E0FA0061BEF9 /* Debug */ = {
			isa = XCBuildConfiguration;
			buildSettings = {
				ASSETCATALOG_COMPILER_APPICON_NAME = AppIcon;
				ASSETCATALOG_COMPILER_GLOBAL_ACCENT_COLOR_NAME = AccentColor;
				CODE_SIGN_STYLE = Automatic;
				COMBINE_HIDPI_IMAGES = YES;
				DEVELOPMENT_TEAM = 49E99H2Q84;
				ENABLE_APP_SANDBOX = YES;
				ENABLE_HARDENED_RUNTIME = YES;
				ENABLE_OUTGOING_NETWORK_CONNECTIONS = YES;
				ENABLE_PREVIEWS = YES;
				ENABLE_USER_SELECTED_FILES = readwrite;
				GENERATE_INFOPLIST_FILE = YES;
				INFOPLIST_KEY_NSHumanReadableCopyright = "";
				LD_RUNPATH_SEARCH_PATHS = (
					"$(inherited)",
					"@executable_path/../Frameworks",
				);
				PRODUCT_BUNDLE_IDENTIFIER = com.aldosoft.Obfuskoder;
				PRODUCT_NAME = "$(TARGET_NAME)";
				REGISTER_APP_GROUPS = YES;
				STRING_CATALOG_GENERATE_SYMBOLS = YES;
				SWIFT_APPROACHABLE_CONCURRENCY = YES;
				SWIFT_DEFAULT_ACTOR_ISOLATION = MainActor;
				SWIFT_EMIT_LOC_STRINGS = YES;
				SWIFT_UPCOMING_FEATURE_MEMBER_IMPORT_VISIBILITY = YES;
				SWIFT_VERSION = 6.0;
			};
			name = Debug;
		};
		9287A9102FD3E0FA0061BEF9 /* Release */ = {
			isa = XCBuildConfiguration;
			buildSettings = {
				ASSETCATALOG_COMPILER_APPICON_NAME = AppIcon;
				ASSETCATALOG_COMPILER_GLOBAL_ACCENT_COLOR_NAME = AccentColor;
				CODE_SIGN_STYLE = Automatic;
				COMBINE_HIDPI_IMAGES = YES;
				DEVELOPMENT_TEAM = 49E99H2Q84;
				ENABLE_APP_SANDBOX = YES;
				ENABLE_HARDENED_RUNTIME = YES;
				ENABLE_OUTGOING_NETWORK_CONNECTIONS = YES;
				ENABLE_PREVIEWS = YES;
				ENABLE_USER_SELECTED_FILES = readwrite;
				GENERATE_INFOPLIST_FILE = YES;
				INFOPLIST_KEY_NSHumanReadableCopyright = "";
				LD_RUNPATH_SEARCH_PATHS = (
					"$(inherited)",
					"@executable_path/../Frameworks",
				);
				PRODUCT_BUNDLE_IDENTIFIER = com.aldosoft.Obfuskoder;
				PRODUCT_NAME = "$(TARGET_NAME)";
				REGISTER_APP_GROUPS = YES;
				STRING_CATALOG_GENERATE_SYMBOLS = YES;
				SWIFT_APPROACHABLE_CONCURRENCY = YES;
				SWIFT_DEFAULT_ACTOR_ISOLATION = MainActor;
				SWIFT_EMIT_LOC_STRINGS = YES;
				SWIFT_UPCOMING_FEATURE_MEMBER_IMPORT_VISIBILITY = YES;
				SWIFT_VERSION = 6.0;
			};
			name = Release;
		};
/* End XCBuildConfiguration section */

/* Begin XCConfigurationList section */
		9287A8FE2FD3E0F90061BEF9 /* Build configuration list for PBXProject "Obfuskoder" */ = {
			isa = XCConfigurationList;
			buildConfigurations = (
				9287A90C2FD3E0FA0061BEF9 /* Debug */,
				9287A90D2FD3E0FA0061BEF9 /* Release */,
			);
			defaultConfigurationIsVisible = 0;
			defaultConfigurationName = Release;
		};
		9287A90E2FD3E0FA0061BEF9 /* Build configuration list for PBXNativeTarget "Obfuskoder" */ = {
			isa = XCConfigurationList;
			buildConfigurations = (
				9287A90F2FD3E0FA0061BEF9 /* Debug */,
				9287A9102FD3E0FA0061BEF9 /* Release */,
			);
			defaultConfigurationIsVisible = 0;
			defaultConfigurationName = Release;
		};
		0BF5C0DE000000000000000B /* Build configuration list for PBXNativeTarget "obfuskode" */ = {
			isa = XCConfigurationList;
			buildConfigurations = (
				0BF5C0DE000000000000000E /* Debug */,
				0BF5C0DE000000000000000F /* Release */,
			);
			defaultConfigurationIsVisible = 0;
			defaultConfigurationName = Release;
		};
/* End XCConfigurationList section */

/* Begin XCLocalSwiftPackageReference section */
		AA00000000000000000000A1 /* XCLocalSwiftPackageReference "ObfuskoderKit" */ = {
			isa = XCLocalSwiftPackageReference;
			relativePath = ObfuskoderKit;
		};
/* End XCLocalSwiftPackageReference section */

/* Begin XCSwiftPackageProductDependency section */
		AA00000000000000000000A2 /* ObfuskoderKit */ = {
			isa = XCSwiftPackageProductDependency;
			productName = ObfuskoderKit;
		};
		0BF5C0DE0000000000000002 /* ObfuskodeCLI */ = {
			isa = XCSwiftPackageProductDependency;
			productName = ObfuskodeCLI;
		};
/* End XCSwiftPackageProductDependency section */
	};
	rootObject = 9287A8FB2FD3E0F90061BEF9 /* Project object */;
}
